// !$*UTF8*$!
{
	archiveVersion = 1;
	classes = {
	};
	objectVersion = 50;
	objects = {

/* Begin PBXBuildFile section */
		9875D48E2355C24A0009FDF3 /* charleyrivers.jpg in Resources */ = {isa = PBXBuildFile; fileRef = 9875D48D2355C24A0009FDF3 /* charleyrivers.jpg */; };
		9875D4902355C2930009FDF3 /* UserData.swift in Sources */ = {isa = PBXBuildFile; fileRef = 9875D48F2355C2930009FDF3 /* UserData.swift */; };
		9875D4922355D37B0009FDF3 /* Badge.swift in Sources */ = {isa = PBXBuildFile; fileRef = 9875D4912355D37B0009FDF3 /* Badge.swift */; };
		9875D4942355D3B50009FDF3 /* HexagonParameters.swift in Sources */ = {isa = PBXBuildFile; fileRef = 9875D4932355D3B50009FDF3 /* HexagonParameters.swift */; };
		9875D4962355D6D00009FDF3 /* BadgeBackground.swift in Sources */ = {isa = PBXBuildFile; fileRef = 9875D4952355D6D00009FDF3 /* BadgeBackground.swift */; };
		9875D4982355D73D0009FDF3 /* BadgeSymbol.swift in Sources */ = {isa = PBXBuildFile; fileRef = 9875D4972355D73D0009FDF3 /* BadgeSymbol.swift */; };
		9875D49A2355DA7C0009FDF3 /* RotatedBadgeSymbol.swift in Sources */ = {isa = PBXBuildFile; fileRef = 9875D4992355DA7C0009FDF3 /* RotatedBadgeSymbol.swift */; };
		9875D49C235653900009FDF3 /* Home.swift in Sources */ = {isa = PBXBuildFile; fileRef = 9875D49B235653900009FDF3 /* Home.swift */; };
		9875D49E2356563A0009FDF3 /* CategoryRow.swift in Sources */ = {isa = PBXBuildFile; fileRef = 9875D49D2356563A0009FDF3 /* CategoryRow.swift */; };
		98B593C1234D18000045C8EE /* AppDelegate.swift in Sources */ = {isa = PBXBuildFile; fileRef = 98B593C0234D18000045C8EE /* AppDelegate.swift */; };
		98B593C3234D18000045C8EE /* SceneDelegate.swift in Sources */ = {isa = PBXBuildFile; fileRef = 98B593C2234D18000045C8EE /* SceneDelegate.swift */; };
		98B593C7234D18010045C8EE /* Assets.xcassets in Resources */ = {isa = PBXBuildFile; fileRef = 98B593C6234D18010045C8EE /* Assets.xcassets */; };
		98B593CA234D18010045C8EE /* Preview Assets.xcassets in Resources */ = {isa = PBXBuildFile; fileRef = 98B593C9234D18010045C8EE /* Preview Assets.xcassets */; };
		98B593CD234D18010045C8EE /* LaunchScreen.storyboard in Resources */ = {isa = PBXBuildFile; fileRef = 98B593CB234D18010045C8EE /* LaunchScreen.storyboard */; };
		98ED98DB2354FE1500A30D2F /* CircleImage.swift in Sources */ = {isa = PBXBuildFile; fileRef = 98ED98DA2354FE1500A30D2F /* CircleImage.swift */; };
		98ED98DD2355033000A30D2F /* LandscapeDetail.swift in Sources */ = {isa = PBXBuildFile; fileRef = 98ED98DC2355033000A30D2F /* LandscapeDetail.swift */; };
		98ED98DF23550E1D00A30D2F /* MapView.swift in Sources */ = {isa = PBXBuildFile; fileRef = 98ED98DE23550E1D00A30D2F /* MapView.swift */; };
		98ED98E12355162800A30D2F /* LandmarkRow.swift in Sources */ = {isa = PBXBuildFile; fileRef = 98ED98E02355162800A30D2F /* LandmarkRow.swift */; };
		98ED98E32355167D00A30D2F /* Landmark.swift in Sources */ = {isa = PBXBuildFile; fileRef = 98ED98E22355167D00A30D2F /* Landmark.swift */; };
		98ED98E52355170B00A30D2F /* Data.swift in Sources */ = {isa = PBXBuildFile; fileRef = 98ED98E42355170B00A30D2F /* Data.swift */; };
		98ED98F42355176500A30D2F /* turtlerock.jpg in Resources */ = {isa = PBXBuildFile; fileRef = 98ED98E72355176500A30D2F /* turtlerock.jpg */; };
		98ED98F52355176500A30D2F /* silversalmoncreek.jpg in Resources */ = {isa = PBXBuildFile; fileRef = 98ED98E82355176500A30D2F /* silversalmoncreek.jpg */; };
		98ED98F62355176500A30D2F /* icybay.jpg in Resources */ = {isa = PBXBuildFile; fileRef = 98ED98E92355176500A30D2F /* icybay.jpg */; };
		98ED98F72355176500A30D2F /* lakemcdonald.jpg in Resources */ = {isa = PBXBuildFile; fileRef = 98ED98EA2355176500A30D2F /* lakemcdonald.jpg */; };
		98ED98F82355176500A30D2F /* hiddenlake.jpg in Resources */ = {isa = PBXBuildFile; fileRef = 98ED98EB2355176500A30D2F /* hiddenlake.jpg */; };
		98ED98F92355176500A30D2F /* twinlake.jpg in Resources */ = {isa = PBXBuildFile; fileRef = 98ED98EC2355176500A30D2F /* twinlake.jpg */; };
		98ED98FA2355176500A30D2F /* umbagog.jpg in Resources */ = {isa = PBXBuildFile; fileRef = 98ED98ED2355176500A30D2F /* umbagog.jpg */; };
		98ED98FB2355176500A30D2F /* landmarkData.json in Resources */ = {isa = PBXBuildFile; fileRef = 98ED98EE2355176500A30D2F /* landmarkData.json */; };
		98ED98FC2355176500A30D2F /* chincoteague.jpg in Resources */ = {isa = PBXBuildFile; fileRef = 98ED98EF2355176500A30D2F /* chincoteague.jpg */; };
		98ED98FD2355176500A30D2F /* yukon_charleyrivers.jpg in Resources */ = {isa = PBXBuildFile; fileRef = 98ED98F02355176500A30D2F /* yukon_charleyrivers.jpg */; };
		98ED98FE2355176500A30D2F /* stmarylake.jpg in Resources */ = {isa = PBXBuildFile; fileRef = 98ED98F12355176500A30D2F /* stmarylake.jpg */; };
		98ED98FF2355176500A30D2F /* chilkoottrail.jpg in Resources */ = {isa = PBXBuildFile; fileRef = 98ED98F22355176500A30D2F /* chilkoottrail.jpg */; };
		98ED99002355176500A30D2F /* rainbowlake.jpg in Resources */ = {isa = PBXBuildFile; fileRef = 98ED98F32355176500A30D2F /* rainbowlake.jpg */; };
		98ED9902235518DF00A30D2F /* LandmarkList.swift in Sources */ = {isa = PBXBuildFile; fileRef = 98ED9901235518DF00A30D2F /* LandmarkList.swift */; };
/* End PBXBuildFile section */

/* Begin PBXFileReference section */
		9875D48D2355C24A0009FDF3 /* charleyrivers.jpg */ = {isa = PBXFileReference; lastKnownFileType = image.jpeg; path = charleyrivers.jpg; sourceTree = "<group>"; };
		9875D48F2355C2930009FDF3 /* UserData.swift */ = {isa = PBXFileReference; lastKnownFileType = sourcecode.swift; path = UserData.swift; sourceTree = "<group>"; };
		9875D4912355D37B0009FDF3 /* Badge.swift */ = {isa = PBXFileReference; lastKnownFileType = sourcecode.swift; path = Badge.swift; sourceTree = "<group>"; };
		9875D4932355D3B50009FDF3 /* HexagonParameters.swift */ = {isa = PBXFileReference; lastKnownFileType = sourcecode.swift; path = HexagonParameters.swift; sourceTree = "<group>"; };
		9875D4952355D6D00009FDF3 /* BadgeBackground.swift */ = {isa = PBXFileReference; lastKnownFileType = sourcecode.swift; path = BadgeBackground.swift; sourceTree = "<group>"; };
		9875D4972355D73D0009FDF3 /* BadgeSymbol.swift */ = {isa = PBXFileReference; lastKnownFileType = sourcecode.swift; path = BadgeSymbol.swift; sourceTree = "<group>"; };
		9875D4992355DA7C0009FDF3 /* RotatedBadgeSymbol.swift */ = {isa = PBXFileReference; lastKnownFileType = sourcecode.swift; path = RotatedBadgeSymbol.swift; sourceTree = "<group>"; };
		9875D49B235653900009FDF3 /* Home.swift */ = {isa = PBXFileReference; lastKnownFileType = sourcecode.swift; path = Home.swift; sourceTree = "<group>"; };
		9875D49D2356563A0009FDF3 /* CategoryRow.swift */ = {isa = PBXFileReference; lastKnownFileType = sourcecode.swift; path = CategoryRow.swift; sourceTree = "<group>"; };
		98B593BD234D18000045C8EE /* SwiftUIExperiment.app */ = {isa = PBXFileReference; explicitFileType = wrapper.application; includeInIndex = 0; path = SwiftUIExperiment.app; sourceTree = BUILT_PRODUCTS_DIR; };
		98B593C0234D18000045C8EE /* AppDelegate.swift */ = {isa = PBXFileReference; lastKnownFileType = sourcecode.swift; path = AppDelegate.swift; sourceTree = "<group>"; };
		98B593C2234D18000045C8EE /* SceneDelegate.swift */ = {isa = PBXFileReference; lastKnownFileType = sourcecode.swift; path = SceneDelegate.swift; sourceTree = "<group>"; };
		98B593C6234D18010045C8EE /* Assets.xcassets */ = {isa = PBXFileReference; lastKnownFileType = folder.assetcatalog; path = Assets.xcassets; sourceTree = "<group>"; };
		98B593C9234D18010045C8EE /* Preview Assets.xcassets */ = {isa = PBXFileReference; lastKnownFileType = folder.assetcatalog; path = "Preview Assets.xcassets"; sourceTree = "<group>"; };
		98B593CC234D18010045C8EE /* Base */ = {isa = PBXFileReference; lastKnownFileType = file.storyboard; name = Base; path = Base.lproj/LaunchScreen.storyboard; sourceTree = "<group>"; };
		98B593CE234D18010045C8EE /* Info.plist */ = {isa = PBXFileReference; lastKnownFileType = text.plist.xml; path = Info.plist; sourceTree = "<group>"; };
		98ED98DA2354FE1500A30D2F /* CircleImage.swift */ = {isa = PBXFileReference; lastKnownFileType = sourcecode.swift; path = CircleImage.swift; sourceTree = "<group>"; };
		98ED98DC2355033000A30D2F /* LandscapeDetail.swift */ = {isa = PBXFileReference; lastKnownFileType = sourcecode.swift; path = LandscapeDetail.swift; sourceTree = "<group>"; };
		98ED98DE23550E1D00A30D2F /* MapView.swift */ = {isa = PBXFileReference; lastKnownFileType = sourcecode.swift; path = MapView.swift; sourceTree = "<group>"; };
		98ED98E02355162800A30D2F /* LandmarkRow.swift */ = {isa = PBXFileReference; lastKnownFileType = sourcecode.swift; path = LandmarkRow.swift; sourceTree = "<group>"; };
		98ED98E22355167D00A30D2F /* Landmark.swift */ = {isa = PBXFileReference; fileEncoding = 4; lastKnownFileType = sourcecode.swift; path = Landmark.swift; sourceTree = "<group>"; };
		98ED98E42355170B00A30D2F /* Data.swift */ = {isa = PBXFileReference; fileEncoding = 4; lastKnownFileType = sourcecode.swift; path = Data.swift; sourceTree = "<group>"; };
		98ED98E72355176500A30D2F /* turtlerock.jpg */ = {isa = PBXFileReference; lastKnownFileType = image.jpeg; path = turtlerock.jpg; sourceTree = "<group>"; };
		98ED98E82355176500A30D2F /* silversalmoncreek.jpg */ = {isa = PBXFileReference; lastKnownFileType = image.jpeg; path = silversalmoncreek.jpg; sourceTree = "<group>"; };
		98ED98E92355176500A30D2F /* icybay.jpg */ = {isa = PBXFileReference; lastKnownFileType = image.jpeg; path = icybay.jpg; sourceTree = "<group>"; };
		98ED98EA2355176500A30D2F /* lakemcdonald.jpg */ = {isa = PBXFileReference; lastKnownFileType = image.jpeg; path = lakemcdonald.jpg; sourceTree = "<group>"; };
		98ED98EB2355176500A30D2F /* hiddenlake.jpg */ = {isa = PBXFileReference; lastKnownFileType = image.jpeg; path = hiddenlake.jpg; sourceTree = "<group>"; };
		98ED98EC2355176500A30D2F /* twinlake.jpg */ = {isa = PBXFileReference; lastKnownFileType = image.jpeg; path = twinlake.jpg; sourceTree = "<group>"; };
		98ED98ED2355176500A30D2F /* umbagog.jpg */ = {isa = PBXFileReference; lastKnownFileType = image.jpeg; path = umbagog.jpg; sourceTree = "<group>"; };
		98ED98EE2355176500A30D2F /* landmarkData.json */ = {isa = PBXFileReference; fileEncoding = 4; lastKnownFileType = text.json; path = landmarkData.json; sourceTree = "<group>"; };
		98ED98EF2355176500A30D2F /* chincoteague.jpg */ = {isa = PBXFileReference; lastKnownFileType = image.jpeg; path = chincoteague.jpg; sourceTree = "<group>"; };
		98ED98F02355176500A30D2F /* yukon_charleyrivers.jpg */ = {isa = PBXFileReference; lastKnownFileType = image.jpeg; path = yukon_charleyrivers.jpg; sourceTree = "<group>"; };
		98ED98F12355176500A30D2F /* stmarylake.jpg */ = {isa = PBXFileReference; lastKnownFileType = image.jpeg; path = stmarylake.jpg; sourceTree = "<group>"; };
		98ED98F22355176500A30D2F /* chilkoottrail.jpg */ = {isa = PBXFileReference; lastKnownFileType = image.jpeg; path = chilkoottrail.jpg; sourceTree = "<group>"; };
		98ED98F32355176500A30D2F /* rainbowlake.jpg */ = {isa = PBXFileReference; lastKnownFileType = image.jpeg; path = rainbowlake.jpg; sourceTree = "<group>"; };
		98ED9901235518DF00A30D2F /* LandmarkList.swift */ = {isa = PBXFileReference; lastKnownFileType = sourcecode.swift; path = LandmarkList.swift; sourceTree = "<group>"; };
/* End PBXFileReference section */

/* Begin PBXFrameworksBuildPhase section */
		98B593BA234D18000045C8EE /* Frameworks */ = {
			isa = PBXFrameworksBuildPhase;
			buildActionMask = 2147483647;
			files = (
			);
			runOnlyForDeploymentPostprocessing = 0;
		};
/* End PBXFrameworksBuildPhase section */

/* Begin PBXGroup section */
		98B593B4234D17FF0045C8EE = {
			isa = PBXGroup;
			children = (
				98B593BF234D18000045C8EE /* SwiftUIExperiment */,
				98B593BE234D18000045C8EE /* Products */,
			);
			sourceTree = "<group>";
		};
		98B593BE234D18000045C8EE /* Products */ = {
			isa = PBXGroup;
			children = (
				98B593BD234D18000045C8EE /* SwiftUIExperiment.app */,
			);
			name = Products;
			sourceTree = "<group>";
		};
		98B593BF234D18000045C8EE /* SwiftUIExperiment */ = {
			isa = PBXGroup;
			children = (
				98ED98E62355176500A30D2F /* Resources */,
				98ED98E42355170B00A30D2F /* Data.swift */,
				98ED98E22355167D00A30D2F /* Landmark.swift */,
				98B593C0234D18000045C8EE /* AppDelegate.swift */,
				98B593C2234D18000045C8EE /* SceneDelegate.swift */,
				98B593C6234D18010045C8EE /* Assets.xcassets */,
				98B593CB234D18010045C8EE /* LaunchScreen.storyboard */,
				98B593CE234D18010045C8EE /* Info.plist */,
				98B593C8234D18010045C8EE /* Preview Content */,
				98ED98DA2354FE1500A30D2F /* CircleImage.swift */,
				98ED98DC2355033000A30D2F /* LandscapeDetail.swift */,
				98ED98E02355162800A30D2F /* LandmarkRow.swift */,
				98ED98DE23550E1D00A30D2F /* MapView.swift */,
				98ED9901235518DF00A30D2F /* LandmarkList.swift */,
				9875D48F2355C2930009FDF3 /* UserData.swift */,
				9875D4912355D37B0009FDF3 /* Badge.swift */,
				9875D4932355D3B50009FDF3 /* HexagonParameters.swift */,
				9875D4952355D6D00009FDF3 /* BadgeBackground.swift */,
				9875D4972355D73D0009FDF3 /* BadgeSymbol.swift */,
				9875D4992355DA7C0009FDF3 /* RotatedBadgeSymbol.swift */,
				9875D49B235653900009FDF3 /* Home.swift */,
				9875D49D2356563A0009FDF3 /* CategoryRow.swift */,
			);
			path = SwiftUIExperiment;
			sourceTree = "<group>";
		};
		98B593C8234D18010045C8EE /* Preview Content */ = {
			isa = PBXGroup;
			children = (
				98B593C9234D18010045C8EE /* Preview Assets.xcassets */,
			);
			path = "Preview Content";
			sourceTree = "<group>";
		};
		98ED98E62355176500A30D2F /* Resources */ = {
			isa = PBXGroup;
			children = (
				9875D48D2355C24A0009FDF3 /* charleyrivers.jpg */,
				98ED98E72355176500A30D2F /* turtlerock.jpg */,
				98ED98E82355176500A30D2F /* silversalmoncreek.jpg */,
				98ED98E92355176500A30D2F /* icybay.jpg */,
				98ED98EA2355176500A30D2F /* lakemcdonald.jpg */,
				98ED98EB2355176500A30D2F /* hiddenlake.jpg */,
				98ED98EC2355176500A30D2F /* twinlake.jpg */,
				98ED98ED2355176500A30D2F /* umbagog.jpg */,
				98ED98EE2355176500A30D2F /* landmarkData.json */,
				98ED98EF2355176500A30D2F /* chincoteague.jpg */,
				98ED98F02355176500A30D2F /* yukon_charleyrivers.jpg */,
				98ED98F12355176500A30D2F /* stmarylake.jpg */,
				98ED98F22355176500A30D2F /* chilkoottrail.jpg */,
				98ED98F32355176500A30D2F /* rainbowlake.jpg */,
			);
			path = Resources;
			sourceTree = "<group>";
		};
/* End PBXGroup section */

/* Begin PBXNativeTarget section */
		98B593BC234D18000045C8EE /* SwiftUIExperiment */ = {
			isa = PBXNativeTarget;
			buildConfigurationList = 98B593D1234D18010045C8EE /* Build configuration list for PBXNativeTarget "SwiftUIExperiment" */;
			buildPhases = (
				98B593B9234D18000045C8EE /* Sources */,
				98B593BA234D18000045C8EE /* Frameworks */,
				98B593BB234D18000045C8EE /* Resources */,
			);
			buildRules = (
			);
			dependencies = (
			);
			name = SwiftUIExperiment;
			productName = SwiftUIExperiment;
			productReference = 98B593BD234D18000045C8EE /* SwiftUIExperiment.app */;
			productType = "com.apple.product-type.application";
		};
/* End PBXNativeTarget section */

/* Begin PBXProject section */
		98B593B5234D17FF0045C8EE /* Project object */ = {
			isa = PBXProject;
			attributes = {
				LastSwiftUpdateCheck = 1100;
				LastUpgradeCheck = 1100;
				ORGANIZATIONNAME = "İlkay Aktaş";
				TargetAttributes = {
					98B593BC234D18000045C8EE = {
						CreatedOnToolsVersion = 11.0;
					};
				};
			};
			buildConfigurationList = 98B593B8234D17FF0045C8EE /* Build configuration list for PBXProject "SwiftUIExperiment" */;
			compatibilityVersion = "Xcode 9.3";
			developmentRegion = en;
			hasScannedForEncodings = 0;
			knownRegions = (
				en,
				Base,
			);
			mainGroup = 98B593B4234D17FF0045C8EE;
			productRefGroup = 98B593BE234D18000045C8EE /* Products */;
			projectDirPath = "";
			projectRoot = "";
			targets = (
				98B593BC234D18000045C8EE /* SwiftUIExperiment */,
			);
		};
/* End PBXProject section */

/* Begin PBXResourcesBuildPhase section */
		98B593BB234D18000045C8EE /* Resources */ = {
			isa = PBXResourcesBuildPhase;
			buildActionMask = 2147483647;
			files = (
				98ED98F72355176500A30D2F /* lakemcdonald.jpg in Resources */,
				98ED98F52355176500A30D2F /* silversalmoncreek.jpg in Resources */,
				98ED98FB2355176500A30D2F /* landmarkData.json in Resources */,
				98ED98F42355176500A30D2F /* turtlerock.jpg in Resources */,
				98B593CD234D18010045C8EE /* LaunchScreen.storyboard in Resources */,
				98ED98FA2355176500A30D2F /* umbagog.jpg in Resources */,
				98ED98FE2355176500A30D2F /* stmarylake.jpg in Resources */,
				9875D48E2355C24A0009FDF3 /* charleyrivers.jpg in Resources */,
				98ED98FC2355176500A30D2F /* chincoteague.jpg in Resources */,
				98B593CA234D18010045C8EE /* Preview Assets.xcassets in Resources */,
				98ED98F62355176500A30D2F /* icybay.jpg in Resources */,
				98ED98F92355176500A30D2F /* twinlake.jpg in Resources */,
				98ED98F82355176500A30D2F /* hiddenlake.jpg in Resources */,
				98B593C7234D18010045C8EE /* Assets.xcassets in Resources */,
				98ED99002355176500A30D2F /* rainbowlake.jpg in Resources */,
				98ED98FF2355176500A30D2F /* chilkoottrail.jpg in Resources */,
				98ED98FD2355176500A30D2F /* yukon_charleyrivers.jpg in Resources */,
			);
			runOnlyForDeploymentPostprocessing = 0;
		};
/* End PBXResourcesBuildPhase section */

/* Begin PBXSourcesBuildPhase section */
		98B593B9234D18000045C8EE /* Sources */ = {
			isa = PBXSourcesBuildPhase;
			buildActionMask = 2147483647;
			files = (
				9875D4942355D3B50009FDF3 /* HexagonParameters.swift in Sources */,
				98ED98E32355167D00A30D2F /* Landmark.swift in Sources */,
				98B593C1234D18000045C8EE /* AppDelegate.swift in Sources */,
				9875D4922355D37B0009FDF3 /* Badge.swift in Sources */,
				98ED98DB2354FE1500A30D2F /* CircleImage.swift in Sources */,
				98ED98E12355162800A30D2F /* LandmarkRow.swift in Sources */,
				98ED9902235518DF00A30D2F /* LandmarkList.swift in Sources */,
				9875D4982355D73D0009FDF3 /* BadgeSymbol.swift in Sources */,
				9875D49E2356563A0009FDF3 /* CategoryRow.swift in Sources */,
				9875D49A2355DA7C0009FDF3 /* RotatedBadgeSymbol.swift in Sources */,
				98ED98DF23550E1D00A30D2F /* MapView.swift in Sources */,
				9875D4962355D6D00009FDF3 /* BadgeBackground.swift in Sources */,
				98ED98DD2355033000A30D2F /* LandscapeDetail.swift in Sources */,
				98B593C3234D18000045C8EE /* SceneDelegate.swift in Sources */,
				9875D4902355C2930009FDF3 /* UserData.swift in Sources */,
				9875D49C235653900009FDF3 /* Home.swift in Sources */,
				98ED98E52355170B00A30D2F /* Data.swift in Sources */,
			);
			runOnlyForDeploymentPostprocessing = 0;
		};
/* End PBXSourcesBuildPhase section */

/* Begin PBXVariantGroup section */
		98B593CB234D18010045C8EE /* LaunchScreen.storyboard */ = {
			isa = PBXVariantGroup;
			children = (
				98B593CC234D18010045C8EE /* Base */,
			);
			name = LaunchScreen.storyboard;
			sourceTree = "<group>";
		};
/* End PBXVariantGroup section */

/* Begin XCBuildConfiguration section */
		98B593CF234D18010045C8EE /* Debug */ = {
			isa = XCBuildConfiguration;
			buildSettings = {
				ALWAYS_SEARCH_USER_PATHS = NO;
				CLANG_ANALYZER_NONNULL = YES;
				CLANG_ANALYZER_NUMBER_OBJECT_CONVERSION = YES_AGGRESSIVE;
				CLANG_CXX_LANGUAGE_STANDARD = "gnu++14";
				CLANG_CXX_LIBRARY = "libc++";
				CLANG_ENABLE_MODULES = YES;
				CLANG_ENABLE_OBJC_ARC = YES;
				CLANG_ENABLE_OBJC_WEAK = YES;
				CLANG_WARN_BLOCK_CAPTURE_AUTORELEASING = YES;
				CLANG_WARN_BOOL_CONVERSION = YES;
				CLANG_WARN_COMMA = YES;
				CLANG_WARN_CONSTANT_CONVERSION = YES;
				CLANG_WARN_DEPRECATED_OBJC_IMPLEMENTATIONS = YES;
				CLANG_WARN_DIRECT_OBJC_ISA_USAGE = YES_ERROR;
				CLANG_WARN_DOCUMENTATION_COMMENTS = YES;
				CLANG_WARN_EMPTY_BODY = YES;
				CLANG_WARN_ENUM_CONVERSION = YES;
				CLANG_WARN_INFINITE_RECURSION = YES;
				CLANG_WARN_INT_CONVERSION = YES;
				CLANG_WARN_NON_LITERAL_NULL_CONVERSION = YES;
				CLANG_WARN_OBJC_IMPLICIT_RETAIN_SELF = YES;
				CLANG_WARN_OBJC_LITERAL_CONVERSION = YES;
				CLANG_WARN_OBJC_ROOT_CLASS = YES_ERROR;
				CLANG_WARN_RANGE_LOOP_ANALYSIS = YES;
				CLANG_WARN_STRICT_PROTOTYPES = YES;
				CLANG_WARN_SUSPICIOUS_MOVE = YES;
				CLANG_WARN_UNGUARDED_AVAILABILITY = YES_AGGRESSIVE;
				CLANG_WARN_UNREACHABLE_CODE = YES;
				CLANG_WARN__DUPLICATE_METHOD_MATCH = YES;
				COPY_PHASE_STRIP = NO;
				DEBUG_INFORMATION_FORMAT = dwarf;
				ENABLE_STRICT_OBJC_MSGSEND = YES;
				ENABLE_TESTABILITY = YES;
				GCC_C_LANGUAGE_STANDARD = gnu11;
				GCC_DYNAMIC_NO_PIC = NO;
				GCC_NO_COMMON_BLOCKS = YES;
				GCC_OPTIMIZATION_LEVEL = 0;
				GCC_PREPROCESSOR_DEFINITIONS = (
					"DEBUG=1",
					"$(inherited)",
				);
				GCC_WARN_64_TO_32_BIT_CONVERSION = YES;
				GCC_WARN_ABOUT_RETURN_TYPE = YES_ERROR;
				GCC_WARN_UNDECLARED_SELECTOR = YES;
				GCC_WARN_UNINITIALIZED_AUTOS = YES_AGGRESSIVE;
				GCC_WARN_UNUSED_FUNCTION = YES;
				GCC_WARN_UNUSED_VARIABLE = YES;
				IPHONEOS_DEPLOYMENT_TARGET = 13.0;
				MTL_ENABLE_DEBUG_INFO = INCLUDE_SOURCE;
				MTL_FAST_MATH = YES;
				ONLY_ACTIVE_ARCH = YES;
				SDKROOT = iphoneos;
				SWIFT_ACTIVE_COMPILATION_CONDITIONS = DEBUG;
				SWIFT_OPTIMIZATION_LEVEL = "-Onone";
			};
			name = Debug;
		};
		98B593D0234D18010045C8EE /* Release */ = {
			isa = XCBuildConfiguration;
			buildSettings = {
				ALWAYS_SEARCH_USER_PATHS = NO;
				CLANG_ANALYZER_NONNULL = YES;
				CLANG_ANALYZER_NUMBER_OBJECT_CONVERSION = YES_AGGRESSIVE;
				CLANG_CXX_LANGUAGE_STANDARD = "gnu++14";
				CLANG_CXX_LIBRARY = "libc++";
				CLANG_ENABLE_MODULES = YES;
				CLANG_ENABLE_OBJC_ARC = YES;
				CLANG_ENABLE_OBJC_WEAK = YES;
				CLANG_WARN_BLOCK_CAPTURE_AUTORELEASING = YES;
				CLANG_WARN_BOOL_CONVERSION = YES;
				CLANG_WARN_COMMA = YES;
				CLANG_WARN_CONSTANT_CONVERSION = YES;
				CLANG_WARN_DEPRECATED_OBJC_IMPLEMENTATIONS = YES;
				CLANG_WARN_DIRECT_OBJC_ISA_USAGE = YES_ERROR;
				CLANG_WARN_DOCUMENTATION_COMMENTS = YES;
				CLANG_WARN_EMPTY_BODY = YES;
				CLANG_WARN_ENUM_CONVERSION = YES;
				CLANG_WARN_INFINITE_RECURSION = YES;
				CLANG_WARN_INT_CONVERSION = YES;
				CLANG_WARN_NON_LITERAL_NULL_CONVERSION = YES;
				CLANG_WARN_OBJC_IMPLICIT_RETAIN_SELF = YES;
				CLANG_WARN_OBJC_LITERAL_CONVERSION = YES;
				CLANG_WARN_OBJC_ROOT_CLASS = YES_ERROR;
				CLANG_WARN_RANGE_LOOP_ANALYSIS = YES;
				CLANG_WARN_STRICT_PROTOTYPES = YES;
				CLANG_WARN_SUSPICIOUS_MOVE = YES;
				CLANG_WARN_UNGUARDED_AVAILABILITY = YES_AGGRESSIVE;
				CLANG_WARN_UNREACHABLE_CODE = YES;
				CLANG_WARN__DUPLICATE_METHOD_MATCH = YES;
				COPY_PHASE_STRIP = NO;
				DEBUG_INFORMATION_FORMAT = "dwarf-with-dsym";
				ENABLE_NS_ASSERTIONS = NO;
				ENABLE_STRICT_OBJC_MSGSEND = YES;
				GCC_C_LANGUAGE_STANDARD = gnu11;
				GCC_NO_COMMON_BLOCKS = YES;
				GCC_WARN_64_TO_32_BIT_CONVERSION = YES;
				GCC_WARN_ABOUT_RETURN_TYPE = YES_ERROR;
				GCC_WARN_UNDECLARED_SELECTOR = YES;
				GCC_WARN_UNINITIALIZED_AUTOS = YES_AGGRESSIVE;
				GCC_WARN_UNUSED_FUNCTION = YES;
				GCC_WARN_UNUSED_VARIABLE = YES;
				IPHONEOS_DEPLOYMENT_TARGET = 13.0;
				MTL_ENABLE_DEBUG_INFO = NO;
				MTL_FAST_MATH = YES;
				SDKROOT = iphoneos;
				SWIFT_COMPILATION_MODE = wholemodule;
				SWIFT_OPTIMIZATION_LEVEL = "-O";
				VALIDATE_PRODUCT = YES;
			};
			name = Release;
		};
		98B593D2234D18010045C8EE /* Debug */ = {
			isa = XCBuildConfiguration;
			buildSettings = {
				ASSETCATALOG_COMPILER_APPICON_NAME = AppIcon;
				CODE_SIGN_STYLE = Automatic;
				DEVELOPMENT_ASSET_PATHS = "\"SwiftUIExperiment/Preview Content\"";
				DEVELOPMENT_TEAM = YMT6QQ8EK5;
				ENABLE_PREVIEWS = YES;
				INFOPLIST_FILE = SwiftUIExperiment/Info.plist;
				LD_RUNPATH_SEARCH_PATHS = (
					"$(inherited)",
					"@executable_path/Frameworks",
				);
				PRODUCT_BUNDLE_IDENTIFIER = com.brainifia.animation.SwiftUIExperiment;
				PRODUCT_NAME = "$(TARGET_NAME)";
				SWIFT_VERSION = 5.0;
				TARGETED_DEVICE_FAMILY = "1,2";
			};
			name = Debug;
		};
		98B593D3234D18010045C8EE /* Release */ = {
			isa = XCBuildConfiguration;
			buildSettings = {
				ASSETCATALOG_COMPILER_APPICON_NAME = AppIcon;
				CODE_SIGN_STYLE = Automatic;
				DEVELOPMENT_ASSET_PATHS = "\"SwiftUIExperiment/Preview Content\"";
				DEVELOPMENT_TEAM = YMT6QQ8EK5;
				ENABLE_PREVIEWS = YES;
				INFOPLIST_FILE = SwiftUIExperiment/Info.plist;
				LD_RUNPATH_SEARCH_PATHS = (
					"$(inherited)",
					"@executable_path/Frameworks",
				);
				PRODUCT_BUNDLE_IDENTIFIER = com.brainifia.animation.SwiftUIExperiment;
				PRODUCT_NAME = "$(TARGET_NAME)";
				SWIFT_VERSION = 5.0;
				TARGETED_DEVICE_FAMILY = "1,2";
			};
			name = Release;
		};
/* End XCBuildConfiguration section */

/* Begin XCConfigurationList section */
		98B593B8234D17FF0045C8EE /* Build configuration list for PBXProject "SwiftUIExperiment" */ = {
			isa = XCConfigurationList;
			buildConfigurations = (
				98B593CF234D18010045C8EE /* Debug */,
				98B593D0234D18010045C8EE /* Release */,
			);
			defaultConfigurationIsVisible = 0;
			defaultConfigurationName = Release;
		};
		98B593D1234D18010045C8EE /* Build configuration list for PBXNativeTarget "SwiftUIExperiment" */ = {
			isa = XCConfigurationList;
			buildConfigurations = (
				98B593D2234D18010045C8EE /* Debug */,
				98B593D3234D18010045C8EE /* Release */,
			);
			defaultConfigurationIsVisible = 0;
			defaultConfigurationName = Release;
		};
/* End XCConfigurationList section */
	};
	rootObject = 98B593B5234D17FF0045C8EE /* Project object */;
}
